
Microsoft Visual Studio Solution File, Format Version 12.00
Project("{FAE04EC0-301F-11D3-BF4B-00C04F79EFBC}") = "TaskManager", "TaskManager\TaskManager.csproj", "{6A283E12-6E54-4798-9AC3-FE58FFBB551B}"
EndProject
Global
	GlobalSection(SolutionConfigurationPlatforms) = preSolution
		Debug|Any CPU = Debug|Any CPU
		Release|Any CPU = Release|Any CPU
	EndGlobalSection
	GlobalSection(ProjectConfigurationPlatforms) = postSolution
		{6A283E12-6E54-4798-9AC3-FE58FFBB551B}.Debug|Any CPU.ActiveCfg = Debug|Any CPU
		{6A283E12-6E54-4798-9AC3-FE58FFBB551B}.Debug|Any CPU.Build.0 = Debug|Any CPU
		{6A283E12-6E54-4798-9AC3-FE58FFBB551B}.Release|Any CPU.ActiveCfg = Release|Any CPU
		{6A283E12-6E54-4798-9AC3-FE58FFBB551B}.Release|Any CPU.Build.0 = Release|Any CPU
	EndGlobalSection
EndGlobal
